
Microsoft Visual Studio Solution File, Format Version 12.00
# Visual Studio 15
VisualStudioVersion = 15.0.28307.136
MinimumVisualStudioVersion = 10.0.40219.1
Project("{FAE04EC0-301F-11D3-BF4B-00C04F79EFBC}") = "HelloWordAsp.NetCore2", "HelloWordAsp.NetCore2\HelloWordAsp.NetCore2.csproj", "{D1B56A91-4256-4F6C-9E0B-10885A59ECC9}"
EndProject
Project("{FAE04EC0-301F-11D3-BF4B-00C04F79EFBC}") = "Helloworld.Business", "Helloworld.Business\Helloworld.Business.csproj", "{304855D1-41CC-4FE8-B77E-FE7100210984}"
EndProject
Global
	GlobalSection(SolutionConfigurationPlatforms) = preSolution
		Debug|Any CPU = Debug|Any CPU
		Release|Any CPU = Release|Any CPU
	EndGlobalSection
	GlobalSection(ProjectConfigurationPlatforms) = postSolution
		{D1B56A91-4256-4F6C-9E0B-10885A59ECC9}.Debug|Any CPU.ActiveCfg = Debug|Any CPU
		{D1B56A91-4256-4F6C-9E0B-10885A59ECC9}.Debug|Any CPU.Build.0 = Debug|Any CPU
		{D1B56A91-4256-4F6C-9E0B-10885A59ECC9}.Release|Any CPU.ActiveCfg = Release|Any CPU
		{D1B56A91-4256-4F6C-9E0B-10885A59ECC9}.Release|Any CPU.Build.0 = Release|Any CPU
		{304855D1-41CC-4FE8-B77E-FE7100210984}.Debug|Any CPU.ActiveCfg = Debug|Any CPU
		{304855D1-41CC-4FE8-B77E-FE7100210984}.Debug|Any CPU.Build.0 = Debug|Any CPU
		{304855D1-41CC-4FE8-B77E-FE7100210984}.Release|Any CPU.ActiveCfg = Release|Any CPU
		{304855D1-41CC-4FE8-B77E-FE7100210984}.Release|Any CPU.Build.0 = Release|Any CPU
	EndGlobalSection
	GlobalSection(SolutionProperties) = preSolution
		HideSolutionNode = FALSE
	EndGlobalSection
	GlobalSection(ExtensibilityGlobals) = postSolution
		SolutionGuid = {DE2B0C18-B8A2-4C07-926B-2F7284A867D9}
	EndGlobalSection
EndGlobal
